
Microsoft Visual Studio Solution File, Format Version 12.00
# Visual Studio 15
VisualStudioVersion = 15.0.27428.2005
MinimumVisualStudioVersion = 10.0.40219.1
Project("{FAE04EC0-301F-11D3-BF4B-00C04F79EFBC}") = "WindowsFormsApp1", "WindowsFormsApp1\WindowsFormsApp1.csproj", "{EB194873-FED0-4421-B3BF-F5D897506466}"
EndProject
Global
	GlobalSection(SolutionConfigurationPlatforms) = preSolution
		Debug|Any CPU = Debug|Any CPU
		Release|Any CPU = Release|Any CPU
	EndGlobalSection
	GlobalSection(ProjectConfigurationPlatforms) = postSolution
		{EB194873-FED0-4421-B3BF-F5D897506466}.Debug|Any CPU.ActiveCfg = Debug|Any CPU
		{EB194873-FED0-4421-B3BF-F5D897506466}.Debug|Any CPU.Build.0 = Debug|Any CPU
		{EB194873-FED0-4421-B3BF-F5D897506466}.Release|Any CPU.ActiveCfg = Release|Any CPU
		{EB194873-FED0-4421-B3BF-F5D897506466}.Release|Any CPU.Build.0 = Release|Any CPU
	EndGlobalSection
	GlobalSection(SolutionProperties) = preSolution
		HideSolutionNode = FALSE
	EndGlobalSection
	GlobalSection(ExtensibilityGlobals) = postSolution
		SolutionGuid = {884C92C4-394B-499D-80D5-FD72D60F48B9}
	EndGlobalSection
EndGlobal
